
Microsoft Visual Studio Solution File, Format Version 12.00
# Visual Studio 15
VisualStudioVersion = 15.0.28010.2003
MinimumVisualStudioVersion = 10.0.40219.1
Project("{FAE04EC0-301F-11D3-BF4B-00C04F79EFBC}") = "WebApplicationLab", "WebApplicationLab\WebApplicationLab.csproj", "{99B90363-695C-4A66-8032-80AF23FD8221}"
EndProject
Global
	GlobalSection(SolutionConfigurationPlatforms) = preSolution
		Debug|Any CPU = Debug|Any CPU
		Release|Any CPU = Release|Any CPU
	EndGlobalSection
	GlobalSection(ProjectConfigurationPlatforms) = postSolution
		{99B90363-695C-4A66-8032-80AF23FD8221}.Debug|Any CPU.ActiveCfg = Debug|Any CPU
		{99B90363-695C-4A66-8032-80AF23FD8221}.Debug|Any CPU.Build.0 = Debug|Any CPU
		{99B90363-695C-4A66-8032-80AF23FD8221}.Release|Any CPU.ActiveCfg = Release|Any CPU
		{99B90363-695C-4A66-8032-80AF23FD8221}.Release|Any CPU.Build.0 = Release|Any CPU
	EndGlobalSection
	GlobalSection(SolutionProperties) = preSolution
		HideSolutionNode = FALSE
	EndGlobalSection
	GlobalSection(ExtensibilityGlobals) = postSolution
		SolutionGuid = {3113DCCB-2707-494B-B3F3-59A40E8CBB3B}
	EndGlobalSection
EndGlobal
